
Microsoft Visual Studio Solution File, Format Version 12.00
# Visual Studio Version 17
VisualStudioVersion = 17.1.32210.238
MinimumVisualStudioVersion = 10.0.40219.1
Project("{9A19103F-16F7-4668-BE54-9A1E7A4F7556}") = "BlazorServerTest", "BlazorServerTest\BlazorServerTest.csproj", "{624CE15C-F1F3-4BA4-B797-CB33E1C7A3A2}"
EndProject
Global
	GlobalSection(SolutionConfigurationPlatforms) = preSolution
		Debug|Any CPU = Debug|Any CPU
		Release|Any CPU = Release|Any CPU
	EndGlobalSection
	GlobalSection(ProjectConfigurationPlatforms) = postSolution
		{624CE15C-F1F3-4BA4-B797-CB33E1C7A3A2}.Debug|Any CPU.ActiveCfg = Debug|Any CPU
		{624CE15C-F1F3-4BA4-B797-CB33E1C7A3A2}.Debug|Any CPU.Build.0 = Debug|Any CPU
		{624CE15C-F1F3-4BA4-B797-CB33E1C7A3A2}.Release|Any CPU.ActiveCfg = Release|Any CPU
		{624CE15C-F1F3-4BA4-B797-CB33E1C7A3A2}.Release|Any CPU.Build.0 = Release|Any CPU
	EndGlobalSection
	GlobalSection(SolutionProperties) = preSolution
		HideSolutionNode = FALSE
	EndGlobalSection
	GlobalSection(ExtensibilityGlobals) = postSolution
		SolutionGuid = {0F98C12E-82AC-4C7E-89FD-9483EED43015}
	EndGlobalSection
EndGlobal
